// !$*UTF8*$!
{
	archiveVersion = 1;
	classes = {
	};
	objectVersion = 46;
	objects = {

/* Begin PBXBuildFile section */
		D85CF52A15AB4406002FE1BE /* UIKit.framework in Frameworks */ = {isa = PBXBuildFile; fileRef = D85CF52915AB4406002FE1BE /* UIKit.framework */; };
		D85CF52C15AB4406002FE1BE /* Foundation.framework in Frameworks */ = {isa = PBXBuildFile; fileRef = D85CF52B15AB4406002FE1BE /* Foundation.framework */; };
		D85CF52E15AB4406002FE1BE /* CoreGraphics.framework in Frameworks */ = {isa = PBXBuildFile; fileRef = D85CF52D15AB4406002FE1BE /* CoreGraphics.framework */; };
		D85CF53415AB4406002FE1BE /* InfoPlist.strings in Resources */ = {isa = PBXBuildFile; fileRef = D85CF53215AB4406002FE1BE /* InfoPlist.strings */; };
		D85CF53615AB4406002FE1BE /* main.m in Sources */ = {isa = PBXBuildFile; fileRef = D85CF53515AB4406002FE1BE /* main.m */; };
		D85CF53A15AB4406002FE1BE /* AppDelegate.m in Sources */ = {isa = PBXBuildFile; fileRef = D85CF53915AB4406002FE1BE /* AppDelegate.m */; };
		D85CF54215AB4406002FE1BE /* SenTestingKit.framework in Frameworks */ = {isa = PBXBuildFile; fileRef = D85CF54115AB4406002FE1BE /* SenTestingKit.framework */; };
		D85CF54315AB4406002FE1BE /* UIKit.framework in Frameworks */ = {isa = PBXBuildFile; fileRef = D85CF52915AB4406002FE1BE /* UIKit.framework */; };
		D85CF54415AB4406002FE1BE /* Foundation.framework in Frameworks */ = {isa = PBXBuildFile; fileRef = D85CF52B15AB4406002FE1BE /* Foundation.framework */; };
		D85CF54C15AB4406002FE1BE /* InfoPlist.strings in Resources */ = {isa = PBXBuildFile; fileRef = D85CF54A15AB4406002FE1BE /* InfoPlist.strings */; };
		D85CF54F15AB4406002FE1BE /* PapyrusTests.m in Sources */ = {isa = PBXBuildFile; fileRef = D85CF54E15AB4406002FE1BE /* PapyrusTests.m */; };
/* End PBXBuildFile section */

/* Begin PBXContainerItemProxy section */
		D85CF54515AB4406002FE1BE /* PBXContainerItemProxy */ = {
			isa = PBXContainerItemProxy;
			containerPortal = D85CF51C15AB4406002FE1BE /* Project object */;
			proxyType = 1;
			remoteGlobalIDString = D85CF52415AB4406002FE1BE;
			remoteInfo = Papyrus;
		};
/* End PBXContainerItemProxy section */

/* Begin PBXFileReference section */
		D85CF52515AB4406002FE1BE /* Papyrus.app */ = {isa = PBXFileReference; explicitFileType = wrapper.application; includeInIndex = 0; path = Papyrus.app; sourceTree = BUILT_PRODUCTS_DIR; };
		D85CF52915AB4406002FE1BE /* UIKit.framework */ = {isa = PBXFileReference; lastKnownFileType = wrapper.framework; name = UIKit.framework; path = System/Library/Frameworks/UIKit.framework; sourceTree = SDKROOT; };
		D85CF52B15AB4406002FE1BE /* Foundation.framework */ = {isa = PBXFileReference; lastKnownFileType = wrapper.framework; name = Foundation.framework; path = System/Library/Frameworks/Foundation.framework; sourceTree = SDKROOT; };
		D85CF52D15AB4406002FE1BE /* CoreGraphics.framework */ = {isa = PBXFileReference; lastKnownFileType = wrapper.framework; name = CoreGraphics.framework; path = System/Library/Frameworks/CoreGraphics.framework; sourceTree = SDKROOT; };
		D85CF53115AB4406002FE1BE /* Papyrus-Info.plist */ = {isa = PBXFileReference; lastKnownFileType = text.plist.xml; path = "Papyrus-Info.plist"; sourceTree = "<group>"; };
		D85CF53315AB4406002FE1BE /* en */ = {isa = PBXFileReference; lastKnownFileType = text.plist.strings; name = en; path = en.lproj/InfoPlist.strings; sourceTree = "<group>"; };
		D85CF53515AB4406002FE1BE /* main.m */ = {isa = PBXFileReference; lastKnownFileType = sourcecode.c.objc; path = main.m; sourceTree = "<group>"; };
		D85CF53715AB4406002FE1BE /* Papyrus-Prefix.pch */ = {isa = PBXFileReference; lastKnownFileType = sourcecode.c.h; path = "Papyrus-Prefix.pch"; sourceTree = "<group>"; };
		D85CF53815AB4406002FE1BE /* AppDelegate.h */ = {isa = PBXFileReference; lastKnownFileType = sourcecode.c.h; path = AppDelegate.h; sourceTree = "<group>"; };
		D85CF53915AB4406002FE1BE /* AppDelegate.m */ = {isa = PBXFileReference; lastKnownFileType = sourcecode.c.objc; path = AppDelegate.m; sourceTree = "<group>"; };
		D85CF54015AB4406002FE1BE /* PapyrusTests.octest */ = {isa = PBXFileReference; explicitFileType = wrapper.cfbundle; includeInIndex = 0; path = PapyrusTests.octest; sourceTree = BUILT_PRODUCTS_DIR; };
		D85CF54115AB4406002FE1BE /* SenTestingKit.framework */ = {isa = PBXFileReference; lastKnownFileType = wrapper.framework; name = SenTestingKit.framework; path = Library/Frameworks/SenTestingKit.framework; sourceTree = DEVELOPER_DIR; };
		D85CF54915AB4406002FE1BE /* PapyrusTests-Info.plist */ = {isa = PBXFileReference; lastKnownFileType = text.plist.xml; path = "PapyrusTests-Info.plist"; sourceTree = "<group>"; };
		D85CF54B15AB4406002FE1BE /* en */ = {isa = PBXFileReference; lastKnownFileType = text.plist.strings; name = en; path = en.lproj/InfoPlist.strings; sourceTree = "<group>"; };
		D85CF54D15AB4406002FE1BE /* PapyrusTests.h */ = {isa = PBXFileReference; lastKnownFileType = sourcecode.c.h; path = PapyrusTests.h; sourceTree = "<group>"; };
		D85CF54E15AB4406002FE1BE /* PapyrusTests.m */ = {isa = PBXFileReference; lastKnownFileType = sourcecode.c.objc; path = PapyrusTests.m; sourceTree = "<group>"; };
/* End PBXFileReference section */

/* Begin PBXFrameworksBuildPhase section */
		D85CF52215AB4406002FE1BE /* Frameworks */ = {
			isa = PBXFrameworksBuildPhase;
			buildActionMask = 2147483647;
			files = (
				D85CF52A15AB4406002FE1BE /* UIKit.framework in Frameworks */,
				D85CF52C15AB4406002FE1BE /* Foundation.framework in Frameworks */,
				D85CF52E15AB4406002FE1BE /* CoreGraphics.framework in Frameworks */,
			);
			runOnlyForDeploymentPostprocessing = 0;
		};
		D85CF53C15AB4406002FE1BE /* Frameworks */ = {
			isa = PBXFrameworksBuildPhase;
			buildActionMask = 2147483647;
			files = (
				D85CF54215AB4406002FE1BE /* SenTestingKit.framework in Frameworks */,
				D85CF54315AB4406002FE1BE /* UIKit.framework in Frameworks */,
				D85CF54415AB4406002FE1BE /* Foundation.framework in Frameworks */,
			);
			runOnlyForDeploymentPostprocessing = 0;
		};
/* End PBXFrameworksBuildPhase section */

/* Begin PBXGroup section */
		D85CF51A15AB4406002FE1BE = {
			isa = PBXGroup;
			children = (
				D85CF52F15AB4406002FE1BE /* Papyrus */,
				D85CF54715AB4406002FE1BE /* PapyrusTests */,
				D85CF52815AB4406002FE1BE /* Frameworks */,
				D85CF52615AB4406002FE1BE /* Products */,
			);
			sourceTree = "<group>";
		};
		D85CF52615AB4406002FE1BE /* Products */ = {
			isa = PBXGroup;
			children = (
				D85CF52515AB4406002FE1BE /* Papyrus.app */,
				D85CF54015AB4406002FE1BE /* PapyrusTests.octest */,
			);
			name = Products;
			sourceTree = "<group>";
		};
		D85CF52815AB4406002FE1BE /* Frameworks */ = {
			isa = PBXGroup;
			children = (
				D85CF52915AB4406002FE1BE /* UIKit.framework */,
				D85CF52B15AB4406002FE1BE /* Foundation.framework */,
				D85CF52D15AB4406002FE1BE /* CoreGraphics.framework */,
				D85CF54115AB4406002FE1BE /* SenTestingKit.framework */,
			);
			name = Frameworks;
			sourceTree = "<group>";
		};
		D85CF52F15AB4406002FE1BE /* Papyrus */ = {
			isa = PBXGroup;
			children = (
				D85CF53815AB4406002FE1BE /* AppDelegate.h */,
				D85CF53915AB4406002FE1BE /* AppDelegate.m */,
				D85CF53015AB4406002FE1BE /* Supporting Files */,
			);
			path = Papyrus;
			sourceTree = "<group>";
		};
		D85CF53015AB4406002FE1BE /* Supporting Files */ = {
			isa = PBXGroup;
			children = (
				D85CF53115AB4406002FE1BE /* Papyrus-Info.plist */,
				D85CF53215AB4406002FE1BE /* InfoPlist.strings */,
				D85CF53515AB4406002FE1BE /* main.m */,
				D85CF53715AB4406002FE1BE /* Papyrus-Prefix.pch */,
			);
			name = "Supporting Files";
			sourceTree = "<group>";
		};
		D85CF54715AB4406002FE1BE /* PapyrusTests */ = {
			isa = PBXGroup;
			children = (
				D85CF54D15AB4406002FE1BE /* PapyrusTests.h */,
				D85CF54E15AB4406002FE1BE /* PapyrusTests.m */,
				D85CF54815AB4406002FE1BE /* Supporting Files */,
			);
			path = PapyrusTests;
			sourceTree = "<group>";
		};
		D85CF54815AB4406002FE1BE /* Supporting Files */ = {
			isa = PBXGroup;
			children = (
				D85CF54915AB4406002FE1BE /* PapyrusTests-Info.plist */,
				D85CF54A15AB4406002FE1BE /* InfoPlist.strings */,
			);
			name = "Supporting Files";
			sourceTree = "<group>";
		};
/* End PBXGroup section */

/* Begin PBXNativeTarget section */
		D85CF52415AB4406002FE1BE /* Papyrus */ = {
			isa = PBXNativeTarget;
			buildConfigurationList = D85CF55215AB4406002FE1BE /* Build configuration list for PBXNativeTarget "Papyrus" */;
			buildPhases = (
				D85CF52115AB4406002FE1BE /* Sources */,
				D85CF52215AB4406002FE1BE /* Frameworks */,
				D85CF52315AB4406002FE1BE /* Resources */,
			);
			buildRules = (
			);
			dependencies = (
			);
			name = Papyrus;
			productName = Papyrus;
			productReference = D85CF52515AB4406002FE1BE /* Papyrus.app */;
			productType = "com.apple.product-type.application";
		};
		D85CF53F15AB4406002FE1BE /* PapyrusTests */ = {
			isa = PBXNativeTarget;
			buildConfigurationList = D85CF55515AB4406002FE1BE /* Build configuration list for PBXNativeTarget "PapyrusTests" */;
			buildPhases = (
				D85CF53B15AB4406002FE1BE /* Sources */,
				D85CF53C15AB4406002FE1BE /* Frameworks */,
				D85CF53D15AB4406002FE1BE /* Resources */,
				D85CF53E15AB4406002FE1BE /* ShellScript */,
			);
			buildRules = (
			);
			dependencies = (
				D85CF54615AB4406002FE1BE /* PBXTargetDependency */,
			);
			name = PapyrusTests;
			productName = PapyrusTests;
			productReference = D85CF54015AB4406002FE1BE /* PapyrusTests.octest */;
			productType = "com.apple.product-type.bundle";
		};
/* End PBXNativeTarget section */

/* Begin PBXProject section */
		D85CF51C15AB4406002FE1BE /* Project object */ = {
			isa = PBXProject;
			attributes = {
				LastUpgradeCheck = 0430;
			};
			buildConfigurationList = D85CF51F15AB4406002FE1BE /* Build configuration list for PBXProject "Papyrus" */;
			compatibilityVersion = "Xcode 3.2";
			developmentRegion = English;
			hasScannedForEncodings = 0;
			knownRegions = (
				en,
			);
			mainGroup = D85CF51A15AB4406002FE1BE;
			productRefGroup = D85CF52615AB4406002FE1BE /* Products */;
			projectDirPath = "";
			projectRoot = "";
			targets = (
				D85CF52415AB4406002FE1BE /* Papyrus */,
				D85CF53F15AB4406002FE1BE /* PapyrusTests */,
			);
		};
/* End PBXProject section */

/* Begin PBXResourcesBuildPhase section */
		D85CF52315AB4406002FE1BE /* Resources */ = {
			isa = PBXResourcesBuildPhase;
			buildActionMask = 2147483647;
			files = (
				D85CF53415AB4406002FE1BE /* InfoPlist.strings in Resources */,
			);
			runOnlyForDeploymentPostprocessing = 0;
		};
		D85CF53D15AB4406002FE1BE /* Resources */ = {
			isa = PBXResourcesBuildPhase;
			buildActionMask = 2147483647;
			files = (
				D85CF54C15AB4406002FE1BE /* InfoPlist.strings in Resources */,
			);
			runOnlyForDeploymentPostprocessing = 0;
		};
/* End PBXResourcesBuildPhase section */

/* Begin PBXShellScriptBuildPhase section */
		D85CF53E15AB4406002FE1BE /* ShellScript */ = {
			isa = PBXShellScriptBuildPhase;
			buildActionMask = 2147483647;
			files = (
			);
			inputPaths = (
			);
			outputPaths = (
			);
			runOnlyForDeploymentPostprocessing = 0;
			shellPath = /bin/sh;
			shellScript = "# Run the unit tests in this test bundle.\n\"${SYSTEM_DEVELOPER_DIR}/Tools/RunUnitTests\"\n";
		};
/* End PBXShellScriptBuildPhase section */

/* Begin PBXSourcesBuildPhase section */
		D85CF52115AB4406002FE1BE /* Sources */ = {
			isa = PBXSourcesBuildPhase;
			buildActionMask = 2147483647;
			files = (
				D85CF53615AB4406002FE1BE /* main.m in Sources */,
				D85CF53A15AB4406002FE1BE /* AppDelegate.m in Sources */,
			);
			runOnlyForDeploymentPostprocessing = 0;
		};
		D85CF53B15AB4406002FE1BE /* Sources */ = {
			isa = PBXSourcesBuildPhase;
			buildActionMask = 2147483647;
			files = (
				D85CF54F15AB4406002FE1BE /* PapyrusTests.m in Sources */,
			);
			runOnlyForDeploymentPostprocessing = 0;
		};
/* End PBXSourcesBuildPhase section */

/* Begin PBXTargetDependency section */
		D85CF54615AB4406002FE1BE /* PBXTargetDependency */ = {
			isa = PBXTargetDependency;
			target = D85CF52415AB4406002FE1BE /* Papyrus */;
			targetProxy = D85CF54515AB4406002FE1BE /* PBXContainerItemProxy */;
		};
/* End PBXTargetDependency section */

/* Begin PBXVariantGroup section */
		D85CF53215AB4406002FE1BE /* InfoPlist.strings */ = {
			isa = PBXVariantGroup;
			children = (
				D85CF53315AB4406002FE1BE /* en */,
			);
			name = InfoPlist.strings;
			sourceTree = "<group>";
		};
		D85CF54A15AB4406002FE1BE /* InfoPlist.strings */ = {
			isa = PBXVariantGroup;
			children = (
				D85CF54B15AB4406002FE1BE /* en */,
			);
			name = InfoPlist.strings;
			sourceTree = "<group>";
		};
/* End PBXVariantGroup section */

/* Begin XCBuildConfiguration section */
		D85CF55015AB4406002FE1BE /* Debug */ = {
			isa = XCBuildConfiguration;
			buildSettings = {
				ALWAYS_SEARCH_USER_PATHS = NO;
				ARCHS = "$(ARCHS_STANDARD_32_BIT)";
				"CODE_SIGN_IDENTITY[sdk=iphoneos*]" = "iPhone Developer";
				COPY_PHASE_STRIP = NO;
				GCC_C_LANGUAGE_STANDARD = gnu99;
				GCC_DYNAMIC_NO_PIC = NO;
				GCC_OPTIMIZATION_LEVEL = 0;
				GCC_PREPROCESSOR_DEFINITIONS = (
					"DEBUG=1",
					"$(inherited)",
				);
				GCC_SYMBOLS_PRIVATE_EXTERN = NO;
				GCC_VERSION = com.apple.compilers.llvm.clang.1_0;
				GCC_WARN_ABOUT_RETURN_TYPE = YES;
				GCC_WARN_UNINITIALIZED_AUTOS = YES;
				GCC_WARN_UNUSED_VARIABLE = YES;
				IPHONEOS_DEPLOYMENT_TARGET = 5.1;
				SDKROOT = iphoneos;
				TARGETED_DEVICE_FAMILY = "1,2";
			};
			name = Debug;
		};
		D85CF55115AB4406002FE1BE /* Release */ = {
			isa = XCBuildConfiguration;
			buildSettings = {
				ALWAYS_SEARCH_USER_PATHS = NO;
				ARCHS = "$(ARCHS_STANDARD_32_BIT)";
				"CODE_SIGN_IDENTITY[sdk=iphoneos*]" = "iPhone Developer";
				COPY_PHASE_STRIP = YES;
				GCC_C_LANGUAGE_STANDARD = gnu99;
				GCC_VERSION = com.apple.compilers.llvm.clang.1_0;
				GCC_WARN_ABOUT_RETURN_TYPE = YES;
				GCC_WARN_UNINITIALIZED_AUTOS = YES;
				GCC_WARN_UNUSED_VARIABLE = YES;
				IPHONEOS_DEPLOYMENT_TARGET = 5.1;
				OTHER_CFLAGS = "-DNS_BLOCK_ASSERTIONS=1";
				SDKROOT = iphoneos;
				TARGETED_DEVICE_FAMILY = "1,2";
				VALIDATE_PRODUCT = YES;
			};
			name = Release;
		};
		D85CF55315AB4406002FE1BE /* Debug */ = {
			isa = XCBuildConfiguration;
			buildSettings = {
				GCC_PRECOMPILE_PREFIX_HEADER = YES;
				GCC_PREFIX_HEADER = "Papyrus/Papyrus-Prefix.pch";
				INFOPLIST_FILE = "Papyrus/Papyrus-Info.plist";
				PRODUCT_NAME = "$(TARGET_NAME)";
				WRAPPER_EXTENSION = app;
			};
			name = Debug;
		};
		D85CF55415AB4406002FE1BE /* Release */ = {
			isa = XCBuildConfiguration;
			buildSettings = {
				GCC_PRECOMPILE_PREFIX_HEADER = YES;
				GCC_PREFIX_HEADER = "Papyrus/Papyrus-Prefix.pch";
				INFOPLIST_FILE = "Papyrus/Papyrus-Info.plist";
				PRODUCT_NAME = "$(TARGET_NAME)";
				WRAPPER_EXTENSION = app;
			};
			name = Release;
		};
		D85CF55615AB4406002FE1BE /* Debug */ = {
			isa = XCBuildConfiguration;
			buildSettings = {
				BUNDLE_LOADER = "$(BUILT_PRODUCTS_DIR)/Papyrus.app/Papyrus";
				FRAMEWORK_SEARCH_PATHS = (
					"$(SDKROOT)/Developer/Library/Frameworks",
					"$(DEVELOPER_LIBRARY_DIR)/Frameworks",
				);
				GCC_PRECOMPILE_PREFIX_HEADER = YES;
				GCC_PREFIX_HEADER = "Papyrus/Papyrus-Prefix.pch";
				INFOPLIST_FILE = "PapyrusTests/PapyrusTests-Info.plist";
				PRODUCT_NAME = "$(TARGET_NAME)";
				TEST_HOST = "$(BUNDLE_LOADER)";
				WRAPPER_EXTENSION = octest;
			};
			name = Debug;
		};
		D85CF55715AB4406002FE1BE /* Release */ = {
			isa = XCBuildConfiguration;
			buildSettings = {
				BUNDLE_LOADER = "$(BUILT_PRODUCTS_DIR)/Papyrus.app/Papyrus";
				FRAMEWORK_SEARCH_PATHS = (
					"$(SDKROOT)/Developer/Library/Frameworks",
					"$(DEVELOPER_LIBRARY_DIR)/Frameworks",
				);
				GCC_PRECOMPILE_PREFIX_HEADER = YES;
				GCC_PREFIX_HEADER = "Papyrus/Papyrus-Prefix.pch";
				INFOPLIST_FILE = "PapyrusTests/PapyrusTests-Info.plist";
				PRODUCT_NAME = "$(TARGET_NAME)";
				TEST_HOST = "$(BUNDLE_LOADER)";
				WRAPPER_EXTENSION = octest;
			};
			name = Release;
		};
/* End XCBuildConfiguration section */

/* Begin XCConfigurationList section */
		D85CF51F15AB4406002FE1BE /* Build configuration list for PBXProject "Papyrus" */ = {
			isa = XCConfigurationList;
			buildConfigurations = (
				D85CF55015AB4406002FE1BE /* Debug */,
				D85CF55115AB4406002FE1BE /* Release */,
			);
			defaultConfigurationIsVisible = 0;
			defaultConfigurationName = Release;
		};
		D85CF55215AB4406002FE1BE /* Build configuration list for PBXNativeTarget "Papyrus" */ = {
			isa = XCConfigurationList;
			buildConfigurations = (
				D85CF55315AB4406002FE1BE /* Debug */,
				D85CF55415AB4406002FE1BE /* Release */,
			);
			defaultConfigurationIsVisible = 0;
		};
		D85CF55515AB4406002FE1BE /* Build configuration list for PBXNativeTarget "PapyrusTests" */ = {
			isa = XCConfigurationList;
			buildConfigurations = (
				D85CF55615AB4406002FE1BE /* Debug */,
				D85CF55715AB4406002FE1BE /* Release */,
			);
			defaultConfigurationIsVisible = 0;
		};
/* End XCConfigurationList section */
	};
	rootObject = D85CF51C15AB4406002FE1BE /* Project object */;
}
